{
    "_meta": {
        "hash": {
            "sha256": "cec2d0f927b1383c8c4c8fa53d6c8241ea71b785da8bbdc467af1dbd50ea09f5"
        },
        "pipfile-spec": 6,
        "requires": {
            "python_version": "3.6"
        },
        "sources": [
            {
                "name": "pypi",
                "url": "https://pypi.org/simple",
                "verify_ssl": true
            }
        ]
    },
    "default": {
        "click": {
            "hashes": [
                "sha256:2335065e6395b9e67ca716de5f7526736bfa6ceead690adf616d925bdc622b13",
                "sha256:5b94b49521f6456670fdb30cd82a4eca9412788a93fa6dd6df72c94d5a8ff2d7"
            ],
            "markers": "python_version != '3.0.*' and python_version != '3.2.*' and python_version != '3.1.*' and python_version != '3.3.*' and python_version >= '2.7'",
            "version": "==7.0"
        },
        "vuesic": {
            "editable": true,
            "path": "."
        }
    },
    "develop": {}
}
